
Microsoft Visual Studio Solution File, Format Version 12.00
# Visual Studio 15
VisualStudioVersion = 15.0.28307.705
MinimumVisualStudioVersion = 10.0.40219.1
Project("{F184B08F-C81C-45F6-A57F-5ABD9991F28F}") = "LineaProduccion", "LineaProduccion\LineaProduccion.vbproj", "{C8062E6F-F87E-4492-BC16-F37D3E47F8D4}"
EndProject
Project("{F184B08F-C81C-45F6-A57F-5ABD9991F28F}") = "Clases", "Clases\Clases.vbproj", "{B26359E4-2467-404B-826C-D97A3046F511}"
EndProject
Global
	GlobalSection(SolutionConfigurationPlatforms) = preSolution
		Debug|Any CPU = Debug|Any CPU
		Release|Any CPU = Release|Any CPU
	EndGlobalSection
	GlobalSection(ProjectConfigurationPlatforms) = postSolution
		{C8062E6F-F87E-4492-BC16-F37D3E47F8D4}.Debug|Any CPU.ActiveCfg = Debug|Any CPU
		{C8062E6F-F87E-4492-BC16-F37D3E47F8D4}.Debug|Any CPU.Build.0 = Debug|Any CPU
		{C8062E6F-F87E-4492-BC16-F37D3E47F8D4}.Release|Any CPU.ActiveCfg = Release|Any CPU
		{C8062E6F-F87E-4492-BC16-F37D3E47F8D4}.Release|Any CPU.Build.0 = Release|Any CPU
		{B26359E4-2467-404B-826C-D97A3046F511}.Debug|Any CPU.ActiveCfg = Debug|Any CPU
		{B26359E4-2467-404B-826C-D97A3046F511}.Debug|Any CPU.Build.0 = Debug|Any CPU
		{B26359E4-2467-404B-826C-D97A3046F511}.Release|Any CPU.ActiveCfg = Release|Any CPU
		{B26359E4-2467-404B-826C-D97A3046F511}.Release|Any CPU.Build.0 = Release|Any CPU
	EndGlobalSection
	GlobalSection(SolutionProperties) = preSolution
		HideSolutionNode = FALSE
	EndGlobalSection
	GlobalSection(ExtensibilityGlobals) = postSolution
		SolutionGuid = {ACF1BC2A-BA92-4F91-8A2D-26DD92B883FF}
	EndGlobalSection
EndGlobal
